
Microsoft Visual Studio Solution File, Format Version 12.00
# Visual Studio 2013
VisualStudioVersion = 12.0.0.0
MinimumVisualStudioVersion = 10.0.0.1
Project("{FAE04EC0-301F-11D3-BF4B-00C04F79EFBC}") = "TPNoté", "TP Noté\TP Noté.csproj", "{DA8DD978-3600-4BB3-8F96-90B91C0A304D}"
EndProject
Global
	GlobalSection(SolutionConfigurationPlatforms) = preSolution
		Debug|Any CPU = Debug|Any CPU
		Release|Any CPU = Release|Any CPU
	EndGlobalSection
	GlobalSection(ProjectConfigurationPlatforms) = postSolution
		{DA8DD978-3600-4BB3-8F96-90B91C0A304D}.Debug|Any CPU.ActiveCfg = Debug|Any CPU
		{DA8DD978-3600-4BB3-8F96-90B91C0A304D}.Debug|Any CPU.Build.0 = Debug|Any CPU
		{DA8DD978-3600-4BB3-8F96-90B91C0A304D}.Release|Any CPU.ActiveCfg = Release|Any CPU
		{DA8DD978-3600-4BB3-8F96-90B91C0A304D}.Release|Any CPU.Build.0 = Release|Any CPU
	EndGlobalSection
	GlobalSection(SolutionProperties) = preSolution
		HideSolutionNode = FALSE
	EndGlobalSection
EndGlobal
